// !$*UTF8*$!
{
	archiveVersion = 1;
	classes = {
	};
	objectVersion = 46;
	objects = {

/* Begin PBXBuildFile section */
		6F2A4A551A536AF2009F40FD /* Launch Screen.xib in Resources */ = {isa = PBXBuildFile; fileRef = 6F2A4A541A536AF2009F40FD /* Launch Screen.xib */; };
		6F3F6B211834A87000244655 /* Foundation.framework in Frameworks */ = {isa = PBXBuildFile; fileRef = 6F3F6B201834A87000244655 /* Foundation.framework */; };
		6F3F6B231834A87000244655 /* CoreGraphics.framework in Frameworks */ = {isa = PBXBuildFile; fileRef = 6F3F6B221834A87000244655 /* CoreGraphics.framework */; };
		6F3F6B251834A87000244655 /* UIKit.framework in Frameworks */ = {isa = PBXBuildFile; fileRef = 6F3F6B241834A87000244655 /* UIKit.framework */; };
		6F3F6B2B1834A87000244655 /* InfoPlist.strings in Resources */ = {isa = PBXBuildFile; fileRef = 6F3F6B291834A87000244655 /* InfoPlist.strings */; };
		6F3F6B2D1834A87000244655 /* main.m in Sources */ = {isa = PBXBuildFile; fileRef = 6F3F6B2C1834A87000244655 /* main.m */; };
		6F3F6B311834A87000244655 /* AppDelegate.m in Sources */ = {isa = PBXBuildFile; fileRef = 6F3F6B301834A87000244655 /* AppDelegate.m */; };
		6F3F6B3A1834A87000244655 /* ViewController.m in Sources */ = {isa = PBXBuildFile; fileRef = 6F3F6B391834A87000244655 /* ViewController.m */; };
		6F3F6B431834A87000244655 /* XCTest.framework in Frameworks */ = {isa = PBXBuildFile; fileRef = 6F3F6B421834A87000244655 /* XCTest.framework */; };
		6F3F6B441834A87000244655 /* Foundation.framework in Frameworks */ = {isa = PBXBuildFile; fileRef = 6F3F6B201834A87000244655 /* Foundation.framework */; };
		6F3F6B451834A87000244655 /* UIKit.framework in Frameworks */ = {isa = PBXBuildFile; fileRef = 6F3F6B241834A87000244655 /* UIKit.framework */; };
		BF83BACD861A78198AE14DDC /* libPods.a in Frameworks */ = {isa = PBXBuildFile; fileRef = 0E023B6ECA5C9149F6A26EAC /* libPods.a */; };
/* End PBXBuildFile section */

/* Begin PBXContainerItemProxy section */
		6F3F6B461834A87000244655 /* PBXContainerItemProxy */ = {
			isa = PBXContainerItemProxy;
			containerPortal = 6F3F6B151834A87000244655 /* Project object */;
			proxyType = 1;
			remoteGlobalIDString = 6F3F6B1C1834A87000244655;
			remoteInfo = TTTRegexAttributedLabel;
		};
/* End PBXContainerItemProxy section */

/* Begin PBXFileReference section */
		0E023B6ECA5C9149F6A26EAC /* libPods.a */ = {isa = PBXFileReference; explicitFileType = archive.ar; includeInIndex = 0; path = libPods.a; sourceTree = BUILT_PRODUCTS_DIR; };
		2F37CBEE18975584F8121382 /* Pods.debug.xcconfig */ = {isa = PBXFileReference; includeInIndex = 1; lastKnownFileType = text.xcconfig; name = Pods.debug.xcconfig; path = "Pods/Target Support Files/Pods/Pods.debug.xcconfig"; sourceTree = "<group>"; };
		3B85F4916754E384788A9BBD /* libPods-TTTRegexAttributedLabelExample.a */ = {isa = PBXFileReference; explicitFileType = archive.ar; includeInIndex = 0; path = "libPods-TTTRegexAttributedLabelExample.a"; sourceTree = BUILT_PRODUCTS_DIR; };
		6F2A4A541A536AF2009F40FD /* Launch Screen.xib */ = {isa = PBXFileReference; fileEncoding = 4; lastKnownFileType = file.xib; path = "Launch Screen.xib"; sourceTree = "<group>"; };
		6F3F6B1D1834A87000244655 /* TTTRegexAttributedLabelExample.app */ = {isa = PBXFileReference; explicitFileType = wrapper.application; includeInIndex = 0; path = TTTRegexAttributedLabelExample.app; sourceTree = BUILT_PRODUCTS_DIR; };
		6F3F6B201834A87000244655 /* Foundation.framework */ = {isa = PBXFileReference; lastKnownFileType = wrapper.framework; name = Foundation.framework; path = System/Library/Frameworks/Foundation.framework; sourceTree = SDKROOT; };
		6F3F6B221834A87000244655 /* CoreGraphics.framework */ = {isa = PBXFileReference; lastKnownFileType = wrapper.framework; name = CoreGraphics.framework; path = System/Library/Frameworks/CoreGraphics.framework; sourceTree = SDKROOT; };
		6F3F6B241834A87000244655 /* UIKit.framework */ = {isa = PBXFileReference; lastKnownFileType = wrapper.framework; name = UIKit.framework; path = System/Library/Frameworks/UIKit.framework; sourceTree = SDKROOT; };
		6F3F6B281834A87000244655 /* TTTRegexAttributedLabelExample-Info.plist */ = {isa = PBXFileReference; lastKnownFileType = text.plist.xml; path = "TTTRegexAttributedLabelExample-Info.plist"; sourceTree = "<group>"; };
		6F3F6B2A1834A87000244655 /* en */ = {isa = PBXFileReference; lastKnownFileType = text.plist.strings; name = en; path = en.lproj/InfoPlist.strings; sourceTree = "<group>"; };
		6F3F6B2C1834A87000244655 /* main.m */ = {isa = PBXFileReference; lastKnownFileType = sourcecode.c.objc; path = main.m; sourceTree = "<group>"; };
		6F3F6B2E1834A87000244655 /* TTTRegexAttributedLabelExample-Prefix.pch */ = {isa = PBXFileReference; lastKnownFileType = sourcecode.c.h; path = "TTTRegexAttributedLabelExample-Prefix.pch"; sourceTree = "<group>"; };
		6F3F6B2F1834A87000244655 /* AppDelegate.h */ = {isa = PBXFileReference; lastKnownFileType = sourcecode.c.h; path = AppDelegate.h; sourceTree = "<group>"; };
		6F3F6B301834A87000244655 /* AppDelegate.m */ = {isa = PBXFileReference; lastKnownFileType = sourcecode.c.objc; path = AppDelegate.m; sourceTree = "<group>"; };
		6F3F6B381834A87000244655 /* ViewController.h */ = {isa = PBXFileReference; lastKnownFileType = sourcecode.c.h; path = ViewController.h; sourceTree = "<group>"; };
		6F3F6B391834A87000244655 /* ViewController.m */ = {isa = PBXFileReference; lastKnownFileType = sourcecode.c.objc; path = ViewController.m; sourceTree = "<group>"; };
		6F3F6B411834A87000244655 /* TTTRegexAttributedLabelExampleTests.xctest */ = {isa = PBXFileReference; explicitFileType = wrapper.cfbundle; includeInIndex = 0; path = TTTRegexAttributedLabelExampleTests.xctest; sourceTree = BUILT_PRODUCTS_DIR; };
		6F3F6B421834A87000244655 /* XCTest.framework */ = {isa = PBXFileReference; lastKnownFileType = wrapper.framework; name = XCTest.framework; path = Library/Frameworks/XCTest.framework; sourceTree = DEVELOPER_DIR; };
		91FB428EDEE2566C6D78DC4A /* Pods.release.xcconfig */ = {isa = PBXFileReference; includeInIndex = 1; lastKnownFileType = text.xcconfig; name = Pods.release.xcconfig; path = "Pods/Target Support Files/Pods/Pods.release.xcconfig"; sourceTree = "<group>"; };
		B9F5D4B8C171735F9F12C21D /* Pods-TTTRegexAttributedLabelExample.release.xcconfig */ = {isa = PBXFileReference; includeInIndex = 1; lastKnownFileType = text.xcconfig; name = "Pods-TTTRegexAttributedLabelExample.release.xcconfig"; path = "Pods/Target Support Files/Pods-TTTRegexAttributedLabelExample/Pods-TTTRegexAttributedLabelExample.release.xcconfig"; sourceTree = "<group>"; };
		E84272562B5295C058D1D2CF /* Pods-TTTRegexAttributedLabelExample.debug.xcconfig */ = {isa = PBXFileReference; includeInIndex = 1; lastKnownFileType = text.xcconfig; name = "Pods-TTTRegexAttributedLabelExample.debug.xcconfig"; path = "Pods/Target Support Files/Pods-TTTRegexAttributedLabelExample/Pods-TTTRegexAttributedLabelExample.debug.xcconfig"; sourceTree = "<group>"; };
/* End PBXFileReference section */

/* Begin PBXFrameworksBuildPhase section */
		6F3F6B1A1834A87000244655 /* Frameworks */ = {
			isa = PBXFrameworksBuildPhase;
			buildActionMask = 2147483647;
			files = (
				6F3F6B231834A87000244655 /* CoreGraphics.framework in Frameworks */,
				6F3F6B251834A87000244655 /* UIKit.framework in Frameworks */,
				6F3F6B211834A87000244655 /* Foundation.framework in Frameworks */,
				BF83BACD861A78198AE14DDC /* libPods.a in Frameworks */,
			);
			runOnlyForDeploymentPostprocessing = 0;
		};
		6F3F6B3E1834A87000244655 /* Frameworks */ = {
			isa = PBXFrameworksBuildPhase;
			buildActionMask = 2147483647;
			files = (
				6F3F6B431834A87000244655 /* XCTest.framework in Frameworks */,
				6F3F6B451834A87000244655 /* UIKit.framework in Frameworks */,
				6F3F6B441834A87000244655 /* Foundation.framework in Frameworks */,
			);
			runOnlyForDeploymentPostprocessing = 0;
		};
/* End PBXFrameworksBuildPhase section */

/* Begin PBXGroup section */
		38E4C6FDD6012B7EE7158A78 /* Pods */ = {
			isa = PBXGroup;
			children = (
				E84272562B5295C058D1D2CF /* Pods-TTTRegexAttributedLabelExample.debug.xcconfig */,
				B9F5D4B8C171735F9F12C21D /* Pods-TTTRegexAttributedLabelExample.release.xcconfig */,
				2F37CBEE18975584F8121382 /* Pods.debug.xcconfig */,
				91FB428EDEE2566C6D78DC4A /* Pods.release.xcconfig */,
			);
			name = Pods;
			sourceTree = "<group>";
		};
		6F3F6B141834A87000244655 = {
			isa = PBXGroup;
			children = (
				6F2A4A541A536AF2009F40FD /* Launch Screen.xib */,
				6F3F6B261834A87000244655 /* TTTRegexAttributedLabel */,
				6F3F6B1F1834A87000244655 /* Frameworks */,
				6F3F6B1E1834A87000244655 /* Products */,
				38E4C6FDD6012B7EE7158A78 /* Pods */,
			);
			sourceTree = "<group>";
		};
		6F3F6B1E1834A87000244655 /* Products */ = {
			isa = PBXGroup;
			children = (
				6F3F6B1D1834A87000244655 /* TTTRegexAttributedLabelExample.app */,
				6F3F6B411834A87000244655 /* TTTRegexAttributedLabelExampleTests.xctest */,
			);
			name = Products;
			sourceTree = "<group>";
		};
		6F3F6B1F1834A87000244655 /* Frameworks */ = {
			isa = PBXGroup;
			children = (
				6F3F6B201834A87000244655 /* Foundation.framework */,
				6F3F6B221834A87000244655 /* CoreGraphics.framework */,
				6F3F6B241834A87000244655 /* UIKit.framework */,
				6F3F6B421834A87000244655 /* XCTest.framework */,
				3B85F4916754E384788A9BBD /* libPods-TTTRegexAttributedLabelExample.a */,
				0E023B6ECA5C9149F6A26EAC /* libPods.a */,
			);
			name = Frameworks;
			sourceTree = "<group>";
		};
		6F3F6B261834A87000244655 /* TTTRegexAttributedLabel */ = {
			isa = PBXGroup;
			children = (
				6F3F6B2F1834A87000244655 /* AppDelegate.h */,
				6F3F6B301834A87000244655 /* AppDelegate.m */,
				6F3F6B381834A87000244655 /* ViewController.h */,
				6F3F6B391834A87000244655 /* ViewController.m */,
				6F3F6B271834A87000244655 /* Supporting Files */,
			);
			path = TTTRegexAttributedLabel;
			sourceTree = "<group>";
		};
		6F3F6B271834A87000244655 /* Supporting Files */ = {
			isa = PBXGroup;
			children = (
				6F3F6B281834A87000244655 /* TTTRegexAttributedLabelExample-Info.plist */,
				6F3F6B291834A87000244655 /* InfoPlist.strings */,
				6F3F6B2C1834A87000244655 /* main.m */,
				6F3F6B2E1834A87000244655 /* TTTRegexAttributedLabelExample-Prefix.pch */,
			);
			name = "Supporting Files";
			sourceTree = "<group>";
		};
/* End PBXGroup section */

/* Begin PBXNativeTarget section */
		6F3F6B1C1834A87000244655 /* TTTRegexAttributedLabelExample */ = {
			isa = PBXNativeTarget;
			buildConfigurationList = 6F3F6B521834A87000244655 /* Build configuration list for PBXNativeTarget "TTTRegexAttributedLabelExample" */;
			buildPhases = (
				F0DFC6F83ADD9951F2A0EE65 /* Check Pods Manifest.lock */,
				6F3F6B191834A87000244655 /* Sources */,
				6F3F6B1A1834A87000244655 /* Frameworks */,
				6F3F6B1B1834A87000244655 /* Resources */,
				D1D5BDCEE482EDBEFFD64CC0 /* Copy Pods Resources */,
			);
			buildRules = (
			);
			dependencies = (
			);
			name = TTTRegexAttributedLabelExample;
			productName = TTTRegexAttributedLabel;
			productReference = 6F3F6B1D1834A87000244655 /* TTTRegexAttributedLabelExample.app */;
			productType = "com.apple.product-type.application";
		};
		6F3F6B401834A87000244655 /* TTTRegexAttributedLabelExampleTests */ = {
			isa = PBXNativeTarget;
			buildConfigurationList = 6F3F6B551834A87000244655 /* Build configuration list for PBXNativeTarget "TTTRegexAttributedLabelExampleTests" */;
			buildPhases = (
				6F3F6B3D1834A87000244655 /* Sources */,
				6F3F6B3E1834A87000244655 /* Frameworks */,
				6F3F6B3F1834A87000244655 /* Resources */,
			);
			buildRules = (
			);
			dependencies = (
				6F3F6B471834A87000244655 /* PBXTargetDependency */,
			);
			name = TTTRegexAttributedLabelExampleTests;
			productName = TTTRegexAttributedLabelTests;
			productReference = 6F3F6B411834A87000244655 /* TTTRegexAttributedLabelExampleTests.xctest */;
			productType = "com.apple.product-type.bundle.unit-test";
		};
/* End PBXNativeTarget section */

/* Begin PBXProject section */
		6F3F6B151834A87000244655 /* Project object */ = {
			isa = PBXProject;
			attributes = {
				LastUpgradeCheck = 0610;
				ORGANIZATIONNAME = "Quentin Rousseau";
			};
			buildConfigurationList = 6F3F6B181834A87000244655 /* Build configuration list for PBXProject "TTTRegexAttributedLabelExample" */;
			compatibilityVersion = "Xcode 3.2";
			developmentRegion = English;
			hasScannedForEncodings = 0;
			knownRegions = (
				en,
				Base,
			);
			mainGroup = 6F3F6B141834A87000244655;
			productRefGroup = 6F3F6B1E1834A87000244655 /* Products */;
			projectDirPath = "";
			projectRoot = "";
			targets = (
				6F3F6B1C1834A87000244655 /* TTTRegexAttributedLabelExample */,
				6F3F6B401834A87000244655 /* TTTRegexAttributedLabelExampleTests */,
			);
		};
/* End PBXProject section */

/* Begin PBXResourcesBuildPhase section */
		6F3F6B1B1834A87000244655 /* Resources */ = {
			isa = PBXResourcesBuildPhase;
			buildActionMask = 2147483647;
			files = (
				6F3F6B2B1834A87000244655 /* InfoPlist.strings in Resources */,
				6F2A4A551A536AF2009F40FD /* Launch Screen.xib in Resources */,
			);
			runOnlyForDeploymentPostprocessing = 0;
		};
		6F3F6B3F1834A87000244655 /* Resources */ = {
			isa = PBXResourcesBuildPhase;
			buildActionMask = 2147483647;
			files = (
			);
			runOnlyForDeploymentPostprocessing = 0;
		};
/* End PBXResourcesBuildPhase section */

/* Begin PBXShellScriptBuildPhase section */
		D1D5BDCEE482EDBEFFD64CC0 /* Copy Pods Resources */ = {
			isa = PBXShellScriptBuildPhase;
			buildActionMask = 2147483647;
			files = (
			);
			inputPaths = (
			);
			name = "Copy Pods Resources";
			outputPaths = (
			);
			runOnlyForDeploymentPostprocessing = 0;
			shellPath = /bin/sh;
			shellScript = "\"${SRCROOT}/Pods/Target Support Files/Pods/Pods-resources.sh\"\n";
			showEnvVarsInLog = 0;
		};
		F0DFC6F83ADD9951F2A0EE65 /* Check Pods Manifest.lock */ = {
			isa = PBXShellScriptBuildPhase;
			buildActionMask = 2147483647;
			files = (
			);
			inputPaths = (
			);
			name = "Check Pods Manifest.lock";
			outputPaths = (
			);
			runOnlyForDeploymentPostprocessing = 0;
			shellPath = /bin/sh;
			shellScript = "diff \"${PODS_ROOT}/../Podfile.lock\" \"${PODS_ROOT}/Manifest.lock\" > /dev/null\nif [[ $? != 0 ]] ; then\n    cat << EOM\nerror: The sandbox is not in sync with the Podfile.lock. Run 'pod install' or update your CocoaPods installation.\nEOM\n    exit 1\nfi\n";
			showEnvVarsInLog = 0;
		};
/* End PBXShellScriptBuildPhase section */

/* Begin PBXSourcesBuildPhase section */
		6F3F6B191834A87000244655 /* Sources */ = {
			isa = PBXSourcesBuildPhase;
			buildActionMask = 2147483647;
			files = (
				6F3F6B3A1834A87000244655 /* ViewController.m in Sources */,
				6F3F6B311834A87000244655 /* AppDelegate.m in Sources */,
				6F3F6B2D1834A87000244655 /* main.m in Sources */,
			);
			runOnlyForDeploymentPostprocessing = 0;
		};
		6F3F6B3D1834A87000244655 /* Sources */ = {
			isa = PBXSourcesBuildPhase;
			buildActionMask = 2147483647;
			files = (
			);
			runOnlyForDeploymentPostprocessing = 0;
		};
/* End PBXSourcesBuildPhase section */

/* Begin PBXTargetDependency section */
		6F3F6B471834A87000244655 /* PBXTargetDependency */ = {
			isa = PBXTargetDependency;
			target = 6F3F6B1C1834A87000244655 /* TTTRegexAttributedLabelExample */;
			targetProxy = 6F3F6B461834A87000244655 /* PBXContainerItemProxy */;
		};
/* End PBXTargetDependency section */

/* Begin PBXVariantGroup section */
		6F3F6B291834A87000244655 /* InfoPlist.strings */ = {
			isa = PBXVariantGroup;
			children = (
				6F3F6B2A1834A87000244655 /* en */,
			);
			name = InfoPlist.strings;
			sourceTree = "<group>";
		};
/* End PBXVariantGroup section */

/* Begin XCBuildConfiguration section */
		6F3F6B501834A87000244655 /* Debug */ = {
			isa = XCBuildConfiguration;
			buildSettings = {
				ALWAYS_SEARCH_USER_PATHS = NO;
				CLANG_CXX_LANGUAGE_STANDARD = "gnu++0x";
				CLANG_CXX_LIBRARY = "libc++";
				CLANG_ENABLE_MODULES = YES;
				CLANG_ENABLE_OBJC_ARC = YES;
				CLANG_WARN_BOOL_CONVERSION = YES;
				CLANG_WARN_CONSTANT_CONVERSION = YES;
				CLANG_WARN_DIRECT_OBJC_ISA_USAGE = YES_ERROR;
				CLANG_WARN_EMPTY_BODY = YES;
				CLANG_WARN_ENUM_CONVERSION = YES;
				CLANG_WARN_INT_CONVERSION = YES;
				CLANG_WARN_OBJC_ROOT_CLASS = YES_ERROR;
				CLANG_WARN__DUPLICATE_METHOD_MATCH = YES;
				"CODE_SIGN_IDENTITY[sdk=iphoneos*]" = "iPhone Developer";
				COPY_PHASE_STRIP = NO;
				GCC_C_LANGUAGE_STANDARD = gnu99;
				GCC_DYNAMIC_NO_PIC = NO;
				GCC_OPTIMIZATION_LEVEL = 0;
				GCC_PREPROCESSOR_DEFINITIONS = (
					"DEBUG=1",
					"$(inherited)",
				);
				GCC_SYMBOLS_PRIVATE_EXTERN = NO;
				GCC_WARN_64_TO_32_BIT_CONVERSION = YES;
				GCC_WARN_ABOUT_RETURN_TYPE = YES_ERROR;
				GCC_WARN_UNDECLARED_SELECTOR = YES;
				GCC_WARN_UNINITIALIZED_AUTOS = YES;
				GCC_WARN_UNUSED_FUNCTION = YES;
				GCC_WARN_UNUSED_VARIABLE = YES;
				IPHONEOS_DEPLOYMENT_TARGET = 6.0;
				ONLY_ACTIVE_ARCH = YES;
				SDKROOT = iphoneos;
				TARGETED_DEVICE_FAMILY = "1,2";
			};
			name = Debug;
		};
		6F3F6B511834A87000244655 /* Release */ = {
			isa = XCBuildConfiguration;
			buildSettings = {
				ALWAYS_SEARCH_USER_PATHS = NO;
				CLANG_CXX_LANGUAGE_STANDARD = "gnu++0x";
				CLANG_CXX_LIBRARY = "libc++";
				CLANG_ENABLE_MODULES = YES;
				CLANG_ENABLE_OBJC_ARC = YES;
				CLANG_WARN_BOOL_CONVERSION = YES;
				CLANG_WARN_CONSTANT_CONVERSION = YES;
				CLANG_WARN_DIRECT_OBJC_ISA_USAGE = YES_ERROR;
				CLANG_WARN_EMPTY_BODY = YES;
				CLANG_WARN_ENUM_CONVERSION = YES;
				CLANG_WARN_INT_CONVERSION = YES;
				CLANG_WARN_OBJC_ROOT_CLASS = YES_ERROR;
				CLANG_WARN__DUPLICATE_METHOD_MATCH = YES;
				"CODE_SIGN_IDENTITY[sdk=iphoneos*]" = "iPhone Developer";
				COPY_PHASE_STRIP = YES;
				ENABLE_NS_ASSERTIONS = NO;
				GCC_C_LANGUAGE_STANDARD = gnu99;
				GCC_WARN_64_TO_32_BIT_CONVERSION = YES;
				GCC_WARN_ABOUT_RETURN_TYPE = YES_ERROR;
				GCC_WARN_UNDECLARED_SELECTOR = YES;
				GCC_WARN_UNINITIALIZED_AUTOS = YES;
				GCC_WARN_UNUSED_FUNCTION = YES;
				GCC_WARN_UNUSED_VARIABLE = YES;
				IPHONEOS_DEPLOYMENT_TARGET = 6.0;
				SDKROOT = iphoneos;
				TARGETED_DEVICE_FAMILY = "1,2";
				VALIDATE_PRODUCT = YES;
			};
			name = Release;
		};
		6F3F6B531834A87000244655 /* Debug */ = {
			isa = XCBuildConfiguration;
			baseConfigurationReference = 2F37CBEE18975584F8121382 /* Pods.debug.xcconfig */;
			buildSettings = {
				ASSETCATALOG_COMPILER_APPICON_NAME = AppIcon;
				ASSETCATALOG_COMPILER_LAUNCHIMAGE_NAME = LaunchImage;
				GCC_PRECOMPILE_PREFIX_HEADER = YES;
				GCC_PREFIX_HEADER = "TTTRegexAttributedLabel/TTTRegexAttributedLabelExample-Prefix.pch";
				INFOPLIST_FILE = "TTTRegexAttributedLabel/TTTRegexAttributedLabelExample-Info.plist";
				PRODUCT_NAME = TTTRegexAttributedLabelExample;
				WRAPPER_EXTENSION = app;
			};
			name = Debug;
		};
		6F3F6B541834A87000244655 /* Release */ = {
			isa = XCBuildConfiguration;
			baseConfigurationReference = 91FB428EDEE2566C6D78DC4A /* Pods.release.xcconfig */;
			buildSettings = {
				ASSETCATALOG_COMPILER_APPICON_NAME = AppIcon;
				ASSETCATALOG_COMPILER_LAUNCHIMAGE_NAME = LaunchImage;
				GCC_PRECOMPILE_PREFIX_HEADER = YES;
				GCC_PREFIX_HEADER = "TTTRegexAttributedLabel/TTTRegexAttributedLabelExample-Prefix.pch";
				INFOPLIST_FILE = "TTTRegexAttributedLabel/TTTRegexAttributedLabelExample-Info.plist";
				PRODUCT_NAME = TTTRegexAttributedLabelExample;
				WRAPPER_EXTENSION = app;
			};
			name = Release;
		};
		6F3F6B561834A87000244655 /* Debug */ = {
			isa = XCBuildConfiguration;
			buildSettings = {
				FRAMEWORK_SEARCH_PATHS = (
					"$(SDKROOT)/Developer/Library/Frameworks",
					"$(inherited)",
					"$(DEVELOPER_FRAMEWORKS_DIR)",
				);
				GCC_PRECOMPILE_PREFIX_HEADER = YES;
				GCC_PREFIX_HEADER = "TTTRegexAttributedLabel/TTTRegexAttributedLabel-Prefix.pch";
				GCC_PREPROCESSOR_DEFINITIONS = (
					"DEBUG=1",
					"$(inherited)",
				);
				INFOPLIST_FILE = "TTTRegexAttributedLabelTests/TTTRegexAttributedLabelExampleTests-Info.plist";
				PRODUCT_NAME = TTTRegexAttributedLabelExampleTests;
				WRAPPER_EXTENSION = xctest;
			};
			name = Debug;
		};
		6F3F6B571834A87000244655 /* Release */ = {
			isa = XCBuildConfiguration;
			buildSettings = {
				FRAMEWORK_SEARCH_PATHS = (
					"$(SDKROOT)/Developer/Library/Frameworks",
					"$(inherited)",
					"$(DEVELOPER_FRAMEWORKS_DIR)",
				);
				GCC_PRECOMPILE_PREFIX_HEADER = YES;
				GCC_PREFIX_HEADER = "TTTRegexAttributedLabel/TTTRegexAttributedLabel-Prefix.pch";
				INFOPLIST_FILE = "TTTRegexAttributedLabelTests/TTTRegexAttributedLabelExampleTests-Info.plist";
				PRODUCT_NAME = TTTRegexAttributedLabelExampleTests;
				WRAPPER_EXTENSION = xctest;
			};
			name = Release;
		};
/* End XCBuildConfiguration section */

/* Begin XCConfigurationList section */
		6F3F6B181834A87000244655 /* Build configuration list for PBXProject "TTTRegexAttributedLabelExample" */ = {
			isa = XCConfigurationList;
			buildConfigurations = (
				6F3F6B501834A87000244655 /* Debug */,
				6F3F6B511834A87000244655 /* Release */,
			);
			defaultConfigurationIsVisible = 0;
			defaultConfigurationName = Release;
		};
		6F3F6B521834A87000244655 /* Build configuration list for PBXNativeTarget "TTTRegexAttributedLabelExample" */ = {
			isa = XCConfigurationList;
			buildConfigurations = (
				6F3F6B531834A87000244655 /* Debug */,
				6F3F6B541834A87000244655 /* Release */,
			);
			defaultConfigurationIsVisible = 0;
			defaultConfigurationName = Release;
		};
		6F3F6B551834A87000244655 /* Build configuration list for PBXNativeTarget "TTTRegexAttributedLabelExampleTests" */ = {
			isa = XCConfigurationList;
			buildConfigurations = (
				6F3F6B561834A87000244655 /* Debug */,
				6F3F6B571834A87000244655 /* Release */,
			);
			defaultConfigurationIsVisible = 0;
			defaultConfigurationName = Release;
		};
/* End XCConfigurationList section */
	};
	rootObject = 6F3F6B151834A87000244655 /* Project object */;
}
